
Microsoft Visual Studio Solution File, Format Version 12.00
# Visual Studio Version 17
VisualStudioVersion = 17.4.33103.184
MinimumVisualStudioVersion = 10.0.40219.1
Project("{FAE04EC0-301F-11D3-BF4B-00C04F79EFBC}") = "NBA_FINAL_PROJECT", "NBA_FINAL_PROJECT.csproj", "{53B3B176-10A9-41F9-89E1-AE9BA915E736}"
EndProject
Global
	GlobalSection(SolutionConfigurationPlatforms) = preSolution
		Debug|Any CPU = Debug|Any CPU
		Release|Any CPU = Release|Any CPU
	EndGlobalSection
	GlobalSection(ProjectConfigurationPlatforms) = postSolution
		{53B3B176-10A9-41F9-89E1-AE9BA915E736}.Debug|Any CPU.ActiveCfg = Debug|Any CPU
		{53B3B176-10A9-41F9-89E1-AE9BA915E736}.Debug|Any CPU.Build.0 = Debug|Any CPU
		{53B3B176-10A9-41F9-89E1-AE9BA915E736}.Release|Any CPU.ActiveCfg = Release|Any CPU
		{53B3B176-10A9-41F9-89E1-AE9BA915E736}.Release|Any CPU.Build.0 = Release|Any CPU
	EndGlobalSection
	GlobalSection(SolutionProperties) = preSolution
		HideSolutionNode = FALSE
	EndGlobalSection
	GlobalSection(ExtensibilityGlobals) = postSolution
		SolutionGuid = {A34481DB-B9BE-4E4A-9380-0AA16D6999DB}
	EndGlobalSection
EndGlobal
